// !$*UTF8*$!
{
	archiveVersion = 1;
	classes = {
	};
	objectVersion = 56;
	objects = {

/* Begin PBXBuildFile section */
		CA42ABD22C14105400FDACA9 /* DetailView.swift in Sources */ = {isa = PBXBuildFile; fileRef = CA42ABD12C14105400FDACA9 /* DetailView.swift */; };
		CA42ABD42C1426FE00FDACA9 /* DetailEditView.swift in Sources */ = {isa = PBXBuildFile; fileRef = CA42ABD32C1426FE00FDACA9 /* DetailEditView.swift */; };
		CA42ABD62C14331E00FDACA9 /* ThemeView.swift in Sources */ = {isa = PBXBuildFile; fileRef = CA42ABD52C14331E00FDACA9 /* ThemeView.swift */; };
		CA42ABD82C14341300FDACA9 /* ThemePicker.swift in Sources */ = {isa = PBXBuildFile; fileRef = CA42ABD72C14341300FDACA9 /* ThemePicker.swift */; };
		CA42ABDA2C144B8B00FDACA9 /* MeetingHeaderView.swift in Sources */ = {isa = PBXBuildFile; fileRef = CA42ABD92C144B8B00FDACA9 /* MeetingHeaderView.swift */; };
		CA42ABDE2C14502300FDACA9 /* ScrumProgressViewStyle.swift in Sources */ = {isa = PBXBuildFile; fileRef = CA42ABDD2C14502300FDACA9 /* ScrumProgressViewStyle.swift */; };
		CA42ABE02C1451E200FDACA9 /* ScrumTimer.swift in Sources */ = {isa = PBXBuildFile; fileRef = CA42ABDF2C1451E200FDACA9 /* ScrumTimer.swift */; };
		CA42ABE22C156E6300FDACA9 /* MeetingFooterView.swift in Sources */ = {isa = PBXBuildFile; fileRef = CA42ABE12C156E6300FDACA9 /* MeetingFooterView.swift */; };
		CA42ABE42C15912100FDACA9 /* AVPlayer+Ding.swift in Sources */ = {isa = PBXBuildFile; fileRef = CA42ABE32C15912100FDACA9 /* AVPlayer+Ding.swift */; };
		CA42ABE72C15918600FDACA9 /* ding.wav in Resources */ = {isa = PBXBuildFile; fileRef = CA42ABE62C15918600FDACA9 /* ding.wav */; };
		CA42ABE92C15965100FDACA9 /* NewScrumSheet.swift in Sources */ = {isa = PBXBuildFile; fileRef = CA42ABE82C15965100FDACA9 /* NewScrumSheet.swift */; };
		CA42ABEB2C159B5100FDACA9 /* History.swift in Sources */ = {isa = PBXBuildFile; fileRef = CA42ABEA2C159B5100FDACA9 /* History.swift */; };
		CA42ABEF2C15AA8300FDACA9 /* ScrumStore.swift in Sources */ = {isa = PBXBuildFile; fileRef = CA42ABEE2C15AA8300FDACA9 /* ScrumStore.swift */; };
		CA42ABF12C15BACB00FDACA9 /* ErrorWrapper.swift in Sources */ = {isa = PBXBuildFile; fileRef = CA42ABF02C15BACB00FDACA9 /* ErrorWrapper.swift */; };
		CA42ABF32C15BB4100FDACA9 /* ErrorView.swift in Sources */ = {isa = PBXBuildFile; fileRef = CA42ABF22C15BB4100FDACA9 /* ErrorView.swift */; };
		CA6E14852C13DCDB0077B3ED /* ScrumdingerApp.swift in Sources */ = {isa = PBXBuildFile; fileRef = CA6E14842C13DCDB0077B3ED /* ScrumdingerApp.swift */; };
		CA6E14872C13DCDB0077B3ED /* MeetingView.swift in Sources */ = {isa = PBXBuildFile; fileRef = CA6E14862C13DCDB0077B3ED /* MeetingView.swift */; };
		CA6E14892C13DCDC0077B3ED /* Assets.xcassets in Resources */ = {isa = PBXBuildFile; fileRef = CA6E14882C13DCDC0077B3ED /* Assets.xcassets */; };
		CA6E148C2C13DCDC0077B3ED /* Preview Assets.xcassets in Resources */ = {isa = PBXBuildFile; fileRef = CA6E148B2C13DCDC0077B3ED /* Preview Assets.xcassets */; };
		CA6E14962C13DCDC0077B3ED /* ScrumdingerTests.swift in Sources */ = {isa = PBXBuildFile; fileRef = CA6E14952C13DCDC0077B3ED /* ScrumdingerTests.swift */; };
		CA6E14A02C13DCDC0077B3ED /* ScrumdingerUITests.swift in Sources */ = {isa = PBXBuildFile; fileRef = CA6E149F2C13DCDC0077B3ED /* ScrumdingerUITests.swift */; };
		CA6E14A22C13DCDC0077B3ED /* ScrumdingerUITestsLaunchTests.swift in Sources */ = {isa = PBXBuildFile; fileRef = CA6E14A12C13DCDC0077B3ED /* ScrumdingerUITestsLaunchTests.swift */; };
		CA6E14B02C13F0B20077B3ED /* Theme.swift in Sources */ = {isa = PBXBuildFile; fileRef = CA6E14AF2C13F0B20077B3ED /* Theme.swift */; };
		CA6E14B22C13F15C0077B3ED /* DailyScrum.swift in Sources */ = {isa = PBXBuildFile; fileRef = CA6E14B12C13F15C0077B3ED /* DailyScrum.swift */; };
		CA6E14B42C13F2C00077B3ED /* CardView.swift in Sources */ = {isa = PBXBuildFile; fileRef = CA6E14B32C13F2C00077B3ED /* CardView.swift */; };
		CA6E14B72C13FBE50077B3ED /* TrailingIconLabelStyleLabelStyle.swift in Sources */ = {isa = PBXBuildFile; fileRef = CA6E14B62C13FBE50077B3ED /* TrailingIconLabelStyleLabelStyle.swift */; };
		CA6E14B92C13FFD10077B3ED /* ScrumsView.swift in Sources */ = {isa = PBXBuildFile; fileRef = CA6E14B82C13FFD10077B3ED /* ScrumsView.swift */; };
/* End PBXBuildFile section */

/* Begin PBXContainerItemProxy section */
		CA6E14922C13DCDC0077B3ED /* PBXContainerItemProxy */ = {
			isa = PBXContainerItemProxy;
			containerPortal = CA6E14792C13DCDB0077B3ED /* Project object */;
			proxyType = 1;
			remoteGlobalIDString = CA6E14802C13DCDB0077B3ED;
			remoteInfo = Scrumdinger;
		};
		CA6E149C2C13DCDC0077B3ED /* PBXContainerItemProxy */ = {
			isa = PBXContainerItemProxy;
			containerPortal = CA6E14792C13DCDB0077B3ED /* Project object */;
			proxyType = 1;
			remoteGlobalIDString = CA6E14802C13DCDB0077B3ED;
			remoteInfo = Scrumdinger;
		};
/* End PBXContainerItemProxy section */

/* Begin PBXFileReference section */
		CA42ABD12C14105400FDACA9 /* DetailView.swift */ = {isa = PBXFileReference; lastKnownFileType = sourcecode.swift; path = DetailView.swift; sourceTree = "<group>"; };
		CA42ABD32C1426FE00FDACA9 /* DetailEditView.swift */ = {isa = PBXFileReference; lastKnownFileType = sourcecode.swift; path = DetailEditView.swift; sourceTree = "<group>"; };
		CA42ABD52C14331E00FDACA9 /* ThemeView.swift */ = {isa = PBXFileReference; lastKnownFileType = sourcecode.swift; path = ThemeView.swift; sourceTree = "<group>"; };
		CA42ABD72C14341300FDACA9 /* ThemePicker.swift */ = {isa = PBXFileReference; lastKnownFileType = sourcecode.swift; path = ThemePicker.swift; sourceTree = "<group>"; };
		CA42ABD92C144B8B00FDACA9 /* MeetingHeaderView.swift */ = {isa = PBXFileReference; lastKnownFileType = sourcecode.swift; path = MeetingHeaderView.swift; sourceTree = "<group>"; };
		CA42ABDD2C14502300FDACA9 /* ScrumProgressViewStyle.swift */ = {isa = PBXFileReference; lastKnownFileType = sourcecode.swift; path = ScrumProgressViewStyle.swift; sourceTree = "<group>"; };
		CA42ABDF2C1451E200FDACA9 /* ScrumTimer.swift */ = {isa = PBXFileReference; lastKnownFileType = sourcecode.swift; path = ScrumTimer.swift; sourceTree = "<group>"; };
		CA42ABE12C156E6300FDACA9 /* MeetingFooterView.swift */ = {isa = PBXFileReference; lastKnownFileType = sourcecode.swift; path = MeetingFooterView.swift; sourceTree = "<group>"; };
		CA42ABE32C15912100FDACA9 /* AVPlayer+Ding.swift */ = {isa = PBXFileReference; lastKnownFileType = sourcecode.swift; path = "AVPlayer+Ding.swift"; sourceTree = "<group>"; };
		CA42ABE62C15918600FDACA9 /* ding.wav */ = {isa = PBXFileReference; lastKnownFileType = audio.wav; path = ding.wav; sourceTree = "<group>"; };
		CA42ABE82C15965100FDACA9 /* NewScrumSheet.swift */ = {isa = PBXFileReference; lastKnownFileType = sourcecode.swift; path = NewScrumSheet.swift; sourceTree = "<group>"; };
		CA42ABEA2C159B5100FDACA9 /* History.swift */ = {isa = PBXFileReference; lastKnownFileType = sourcecode.swift; path = History.swift; sourceTree = "<group>"; };
		CA42ABEE2C15AA8300FDACA9 /* ScrumStore.swift */ = {isa = PBXFileReference; lastKnownFileType = sourcecode.swift; path = ScrumStore.swift; sourceTree = "<group>"; };
		CA42ABF02C15BACB00FDACA9 /* ErrorWrapper.swift */ = {isa = PBXFileReference; lastKnownFileType = sourcecode.swift; path = ErrorWrapper.swift; sourceTree = "<group>"; };
		CA42ABF22C15BB4100FDACA9 /* ErrorView.swift */ = {isa = PBXFileReference; lastKnownFileType = sourcecode.swift; path = ErrorView.swift; sourceTree = "<group>"; };
		CA6E14812C13DCDB0077B3ED /* Scrumdinger.app */ = {isa = PBXFileReference; explicitFileType = wrapper.application; includeInIndex = 0; path = Scrumdinger.app; sourceTree = BUILT_PRODUCTS_DIR; };
		CA6E14842C13DCDB0077B3ED /* ScrumdingerApp.swift */ = {isa = PBXFileReference; lastKnownFileType = sourcecode.swift; path = ScrumdingerApp.swift; sourceTree = "<group>"; };
		CA6E14862C13DCDB0077B3ED /* MeetingView.swift */ = {isa = PBXFileReference; lastKnownFileType = sourcecode.swift; path = MeetingView.swift; sourceTree = "<group>"; };
		CA6E14882C13DCDC0077B3ED /* Assets.xcassets */ = {isa = PBXFileReference; lastKnownFileType = folder.assetcatalog; path = Assets.xcassets; sourceTree = "<group>"; };
		CA6E148B2C13DCDC0077B3ED /* Preview Assets.xcassets */ = {isa = PBXFileReference; lastKnownFileType = folder.assetcatalog; path = "Preview Assets.xcassets"; sourceTree = "<group>"; };
		CA6E14912C13DCDC0077B3ED /* ScrumdingerTests.xctest */ = {isa = PBXFileReference; explicitFileType = wrapper.cfbundle; includeInIndex = 0; path = ScrumdingerTests.xctest; sourceTree = BUILT_PRODUCTS_DIR; };
		CA6E14952C13DCDC0077B3ED /* ScrumdingerTests.swift */ = {isa = PBXFileReference; lastKnownFileType = sourcecode.swift; path = ScrumdingerTests.swift; sourceTree = "<group>"; };
		CA6E149B2C13DCDC0077B3ED /* ScrumdingerUITests.xctest */ = {isa = PBXFileReference; explicitFileType = wrapper.cfbundle; includeInIndex = 0; path = ScrumdingerUITests.xctest; sourceTree = BUILT_PRODUCTS_DIR; };
		CA6E149F2C13DCDC0077B3ED /* ScrumdingerUITests.swift */ = {isa = PBXFileReference; lastKnownFileType = sourcecode.swift; path = ScrumdingerUITests.swift; sourceTree = "<group>"; };
		CA6E14A12C13DCDC0077B3ED /* ScrumdingerUITestsLaunchTests.swift */ = {isa = PBXFileReference; lastKnownFileType = sourcecode.swift; path = ScrumdingerUITestsLaunchTests.swift; sourceTree = "<group>"; };
		CA6E14AF2C13F0B20077B3ED /* Theme.swift */ = {isa = PBXFileReference; lastKnownFileType = sourcecode.swift; path = Theme.swift; sourceTree = "<group>"; };
		CA6E14B12C13F15C0077B3ED /* DailyScrum.swift */ = {isa = PBXFileReference; lastKnownFileType = sourcecode.swift; path = DailyScrum.swift; sourceTree = "<group>"; };
		CA6E14B32C13F2C00077B3ED /* CardView.swift */ = {isa = PBXFileReference; lastKnownFileType = sourcecode.swift; path = CardView.swift; sourceTree = "<group>"; };
		CA6E14B62C13FBE50077B3ED /* TrailingIconLabelStyleLabelStyle.swift */ = {isa = PBXFileReference; lastKnownFileType = sourcecode.swift; path = TrailingIconLabelStyleLabelStyle.swift; sourceTree = "<group>"; };
		CA6E14B82C13FFD10077B3ED /* ScrumsView.swift */ = {isa = PBXFileReference; lastKnownFileType = sourcecode.swift; path = ScrumsView.swift; sourceTree = "<group>"; };
/* End PBXFileReference section */

/* Begin PBXFrameworksBuildPhase section */
		CA6E147E2C13DCDB0077B3ED /* Frameworks */ = {
			isa = PBXFrameworksBuildPhase;
			buildActionMask = 2147483647;
			files = (
			);
			runOnlyForDeploymentPostprocessing = 0;
		};
		CA6E148E2C13DCDC0077B3ED /* Frameworks */ = {
			isa = PBXFrameworksBuildPhase;
			buildActionMask = 2147483647;
			files = (
			);
			runOnlyForDeploymentPostprocessing = 0;
		};
		CA6E14982C13DCDC0077B3ED /* Frameworks */ = {
			isa = PBXFrameworksBuildPhase;
			buildActionMask = 2147483647;
			files = (
			);
			runOnlyForDeploymentPostprocessing = 0;
		};
/* End PBXFrameworksBuildPhase section */

/* Begin PBXGroup section */
		CA42ABE52C15914600FDACA9 /* Resources */ = {
			isa = PBXGroup;
			children = (
				CA42ABE62C15918600FDACA9 /* ding.wav */,
			);
			path = Resources;
			sourceTree = "<group>";
		};
		CA6E14782C13DCDB0077B3ED = {
			isa = PBXGroup;
			children = (
				CA6E14832C13DCDB0077B3ED /* Scrumdinger */,
				CA6E14942C13DCDC0077B3ED /* ScrumdingerTests */,
				CA6E149E2C13DCDC0077B3ED /* ScrumdingerUITests */,
				CA6E14822C13DCDB0077B3ED /* Products */,
			);
			sourceTree = "<group>";
		};
		CA6E14822C13DCDB0077B3ED /* Products */ = {
			isa = PBXGroup;
			children = (
				CA6E14812C13DCDB0077B3ED /* Scrumdinger.app */,
				CA6E14912C13DCDC0077B3ED /* ScrumdingerTests.xctest */,
				CA6E149B2C13DCDC0077B3ED /* ScrumdingerUITests.xctest */,
			);
			name = Products;
			sourceTree = "<group>";
		};
		CA6E14832C13DCDB0077B3ED /* Scrumdinger */ = {
			isa = PBXGroup;
			children = (
				CA6E14AE2C13F09E0077B3ED /* Models */,
				CA6E14B52C13FBBA0077B3ED /* Views */,
				CA42ABE52C15914600FDACA9 /* Resources */,
				CA6E14842C13DCDB0077B3ED /* ScrumdingerApp.swift */,
				CA6E14882C13DCDC0077B3ED /* Assets.xcassets */,
				CA6E148A2C13DCDC0077B3ED /* Preview Content */,
			);
			path = Scrumdinger;
			sourceTree = "<group>";
		};
		CA6E148A2C13DCDC0077B3ED /* Preview Content */ = {
			isa = PBXGroup;
			children = (
				CA6E148B2C13DCDC0077B3ED /* Preview Assets.xcassets */,
			);
			path = "Preview Content";
			sourceTree = "<group>";
		};
		CA6E14942C13DCDC0077B3ED /* ScrumdingerTests */ = {
			isa = PBXGroup;
			children = (
				CA6E14952C13DCDC0077B3ED /* ScrumdingerTests.swift */,
			);
			path = ScrumdingerTests;
			sourceTree = "<group>";
		};
		CA6E149E2C13DCDC0077B3ED /* ScrumdingerUITests */ = {
			isa = PBXGroup;
			children = (
				CA6E149F2C13DCDC0077B3ED /* ScrumdingerUITests.swift */,
				CA6E14A12C13DCDC0077B3ED /* ScrumdingerUITestsLaunchTests.swift */,
			);
			path = ScrumdingerUITests;
			sourceTree = "<group>";
		};
		CA6E14AE2C13F09E0077B3ED /* Models */ = {
			isa = PBXGroup;
			children = (
				CA42ABE32C15912100FDACA9 /* AVPlayer+Ding.swift */,
				CA6E14B12C13F15C0077B3ED /* DailyScrum.swift */,
				CA42ABEA2C159B5100FDACA9 /* History.swift */,
				CA42ABEE2C15AA8300FDACA9 /* ScrumStore.swift */,
				CA42ABDF2C1451E200FDACA9 /* ScrumTimer.swift */,
				CA6E14AF2C13F0B20077B3ED /* Theme.swift */,
				CA42ABF02C15BACB00FDACA9 /* ErrorWrapper.swift */,
			);
			path = Models;
			sourceTree = "<group>";
		};
		CA6E14B52C13FBBA0077B3ED /* Views */ = {
			isa = PBXGroup;
			children = (
				CA6E14B32C13F2C00077B3ED /* CardView.swift */,
				CA42ABD32C1426FE00FDACA9 /* DetailEditView.swift */,
				CA42ABD12C14105400FDACA9 /* DetailView.swift */,
				CA42ABE12C156E6300FDACA9 /* MeetingFooterView.swift */,
				CA42ABD92C144B8B00FDACA9 /* MeetingHeaderView.swift */,
				CA6E14862C13DCDB0077B3ED /* MeetingView.swift */,
				CA42ABE82C15965100FDACA9 /* NewScrumSheet.swift */,
				CA42ABDD2C14502300FDACA9 /* ScrumProgressViewStyle.swift */,
				CA6E14B82C13FFD10077B3ED /* ScrumsView.swift */,
				CA6E14B62C13FBE50077B3ED /* TrailingIconLabelStyleLabelStyle.swift */,
				CA42ABD52C14331E00FDACA9 /* ThemeView.swift */,
				CA42ABD72C14341300FDACA9 /* ThemePicker.swift */,
				CA42ABF22C15BB4100FDACA9 /* ErrorView.swift */,
			);
			path = Views;
			sourceTree = "<group>";
		};
/* End PBXGroup section */

/* Begin PBXNativeTarget section */
		CA6E14802C13DCDB0077B3ED /* Scrumdinger */ = {
			isa = PBXNativeTarget;
			buildConfigurationList = CA6E14A52C13DCDC0077B3ED /* Build configuration list for PBXNativeTarget "Scrumdinger" */;
			buildPhases = (
				CA6E147D2C13DCDB0077B3ED /* Sources */,
				CA6E147E2C13DCDB0077B3ED /* Frameworks */,
				CA6E147F2C13DCDB0077B3ED /* Resources */,
			);
			buildRules = (
			);
			dependencies = (
			);
			name = Scrumdinger;
			productName = Scrumdinger;
			productReference = CA6E14812C13DCDB0077B3ED /* Scrumdinger.app */;
			productType = "com.apple.product-type.application";
		};
		CA6E14902C13DCDC0077B3ED /* ScrumdingerTests */ = {
			isa = PBXNativeTarget;
			buildConfigurationList = CA6E14A82C13DCDC0077B3ED /* Build configuration list for PBXNativeTarget "ScrumdingerTests" */;
			buildPhases = (
				CA6E148D2C13DCDC0077B3ED /* Sources */,
				CA6E148E2C13DCDC0077B3ED /* Frameworks */,
				CA6E148F2C13DCDC0077B3ED /* Resources */,
			);
			buildRules = (
			);
			dependencies = (
				CA6E14932C13DCDC0077B3ED /* PBXTargetDependency */,
			);
			name = ScrumdingerTests;
			productName = ScrumdingerTests;
			productReference = CA6E14912C13DCDC0077B3ED /* ScrumdingerTests.xctest */;
			productType = "com.apple.product-type.bundle.unit-test";
		};
		CA6E149A2C13DCDC0077B3ED /* ScrumdingerUITests */ = {
			isa = PBXNativeTarget;
			buildConfigurationList = CA6E14AB2C13DCDC0077B3ED /* Build configuration list for PBXNativeTarget "ScrumdingerUITests" */;
			buildPhases = (
				CA6E14972C13DCDC0077B3ED /* Sources */,
				CA6E14982C13DCDC0077B3ED /* Frameworks */,
				CA6E14992C13DCDC0077B3ED /* Resources */,
			);
			buildRules = (
			);
			dependencies = (
				CA6E149D2C13DCDC0077B3ED /* PBXTargetDependency */,
			);
			name = ScrumdingerUITests;
			productName = ScrumdingerUITests;
			productReference = CA6E149B2C13DCDC0077B3ED /* ScrumdingerUITests.xctest */;
			productType = "com.apple.product-type.bundle.ui-testing";
		};
/* End PBXNativeTarget section */

/* Begin PBXProject section */
		CA6E14792C13DCDB0077B3ED /* Project object */ = {
			isa = PBXProject;
			attributes = {
				BuildIndependentTargetsInParallel = 1;
				LastSwiftUpdateCheck = 1540;
				LastUpgradeCheck = 1540;
				TargetAttributes = {
					CA6E14802C13DCDB0077B3ED = {
						CreatedOnToolsVersion = 15.4;
					};
					CA6E14902C13DCDC0077B3ED = {
						CreatedOnToolsVersion = 15.4;
						TestTargetID = CA6E14802C13DCDB0077B3ED;
					};
					CA6E149A2C13DCDC0077B3ED = {
						CreatedOnToolsVersion = 15.4;
						TestTargetID = CA6E14802C13DCDB0077B3ED;
					};
				};
			};
			buildConfigurationList = CA6E147C2C13DCDB0077B3ED /* Build configuration list for PBXProject "Scrumdinger" */;
			compatibilityVersion = "Xcode 14.0";
			developmentRegion = en;
			hasScannedForEncodings = 0;
			knownRegions = (
				en,
				Base,
			);
			mainGroup = CA6E14782C13DCDB0077B3ED;
			productRefGroup = CA6E14822C13DCDB0077B3ED /* Products */;
			projectDirPath = "";
			projectRoot = "";
			targets = (
				CA6E14802C13DCDB0077B3ED /* Scrumdinger */,
				CA6E14902C13DCDC0077B3ED /* ScrumdingerTests */,
				CA6E149A2C13DCDC0077B3ED /* ScrumdingerUITests */,
			);
		};
/* End PBXProject section */

/* Begin PBXResourcesBuildPhase section */
		CA6E147F2C13DCDB0077B3ED /* Resources */ = {
			isa = PBXResourcesBuildPhase;
			buildActionMask = 2147483647;
			files = (
				CA42ABE72C15918600FDACA9 /* ding.wav in Resources */,
				CA6E148C2C13DCDC0077B3ED /* Preview Assets.xcassets in Resources */,
				CA6E14892C13DCDC0077B3ED /* Assets.xcassets in Resources */,
			);
			runOnlyForDeploymentPostprocessing = 0;
		};
		CA6E148F2C13DCDC0077B3ED /* Resources */ = {
			isa = PBXResourcesBuildPhase;
			buildActionMask = 2147483647;
			files = (
			);
			runOnlyForDeploymentPostprocessing = 0;
		};
		CA6E14992C13DCDC0077B3ED /* Resources */ = {
			isa = PBXResourcesBuildPhase;
			buildActionMask = 2147483647;
			files = (
			);
			runOnlyForDeploymentPostprocessing = 0;
		};
/* End PBXResourcesBuildPhase section */

/* Begin PBXSourcesBuildPhase section */
		CA6E147D2C13DCDB0077B3ED /* Sources */ = {
			isa = PBXSourcesBuildPhase;
			buildActionMask = 2147483647;
			files = (
				CA42ABEB2C159B5100FDACA9 /* History.swift in Sources */,
				CA42ABD82C14341300FDACA9 /* ThemePicker.swift in Sources */,
				CA42ABDE2C14502300FDACA9 /* ScrumProgressViewStyle.swift in Sources */,
				CA42ABE22C156E6300FDACA9 /* MeetingFooterView.swift in Sources */,
				CA42ABF32C15BB4100FDACA9 /* ErrorView.swift in Sources */,
				CA42ABE02C1451E200FDACA9 /* ScrumTimer.swift in Sources */,
				CA6E14B02C13F0B20077B3ED /* Theme.swift in Sources */,
				CA42ABEF2C15AA8300FDACA9 /* ScrumStore.swift in Sources */,
				CA42ABD22C14105400FDACA9 /* DetailView.swift in Sources */,
				CA42ABF12C15BACB00FDACA9 /* ErrorWrapper.swift in Sources */,
				CA42ABDA2C144B8B00FDACA9 /* MeetingHeaderView.swift in Sources */,
				CA42ABD42C1426FE00FDACA9 /* DetailEditView.swift in Sources */,
				CA42ABE92C15965100FDACA9 /* NewScrumSheet.swift in Sources */,
				CA6E14872C13DCDB0077B3ED /* MeetingView.swift in Sources */,
				CA6E14B72C13FBE50077B3ED /* TrailingIconLabelStyleLabelStyle.swift in Sources */,
				CA6E14B92C13FFD10077B3ED /* ScrumsView.swift in Sources */,
				CA6E14B22C13F15C0077B3ED /* DailyScrum.swift in Sources */,
				CA6E14852C13DCDB0077B3ED /* ScrumdingerApp.swift in Sources */,
				CA42ABD62C14331E00FDACA9 /* ThemeView.swift in Sources */,
				CA6E14B42C13F2C00077B3ED /* CardView.swift in Sources */,
				CA42ABE42C15912100FDACA9 /* AVPlayer+Ding.swift in Sources */,
			);
			runOnlyForDeploymentPostprocessing = 0;
		};
		CA6E148D2C13DCDC0077B3ED /* Sources */ = {
			isa = PBXSourcesBuildPhase;
			buildActionMask = 2147483647;
			files = (
				CA6E14962C13DCDC0077B3ED /* ScrumdingerTests.swift in Sources */,
			);
			runOnlyForDeploymentPostprocessing = 0;
		};
		CA6E14972C13DCDC0077B3ED /* Sources */ = {
			isa = PBXSourcesBuildPhase;
			buildActionMask = 2147483647;
			files = (
				CA6E14A22C13DCDC0077B3ED /* ScrumdingerUITestsLaunchTests.swift in Sources */,
				CA6E14A02C13DCDC0077B3ED /* ScrumdingerUITests.swift in Sources */,
			);
			runOnlyForDeploymentPostprocessing = 0;
		};
/* End PBXSourcesBuildPhase section */

/* Begin PBXTargetDependency section */
		CA6E14932C13DCDC0077B3ED /* PBXTargetDependency */ = {
			isa = PBXTargetDependency;
			target = CA6E14802C13DCDB0077B3ED /* Scrumdinger */;
			targetProxy = CA6E14922C13DCDC0077B3ED /* PBXContainerItemProxy */;
		};
		CA6E149D2C13DCDC0077B3ED /* PBXTargetDependency */ = {
			isa = PBXTargetDependency;
			target = CA6E14802C13DCDB0077B3ED /* Scrumdinger */;
			targetProxy = CA6E149C2C13DCDC0077B3ED /* PBXContainerItemProxy */;
		};
/* End PBXTargetDependency section */

/* Begin XCBuildConfiguration section */
		CA6E14A32C13DCDC0077B3ED /* Debug */ = {
			isa = XCBuildConfiguration;
			buildSettings = {
				ALWAYS_SEARCH_USER_PATHS = NO;
				ASSETCATALOG_COMPILER_GENERATE_SWIFT_ASSET_SYMBOL_EXTENSIONS = YES;
				CLANG_ANALYZER_NONNULL = YES;
				CLANG_ANALYZER_NUMBER_OBJECT_CONVERSION = YES_AGGRESSIVE;
				CLANG_CXX_LANGUAGE_STANDARD = "gnu++20";
				CLANG_ENABLE_MODULES = YES;
				CLANG_ENABLE_OBJC_ARC = YES;
				CLANG_ENABLE_OBJC_WEAK = YES;
				CLANG_WARN_BLOCK_CAPTURE_AUTORELEASING = YES;
				CLANG_WARN_BOOL_CONVERSION = YES;
				CLANG_WARN_COMMA = YES;
				CLANG_WARN_CONSTANT_CONVERSION = YES;
				CLANG_WARN_DEPRECATED_OBJC_IMPLEMENTATIONS = YES;
				CLANG_WARN_DIRECT_OBJC_ISA_USAGE = YES_ERROR;
				CLANG_WARN_DOCUMENTATION_COMMENTS = YES;
				CLANG_WARN_EMPTY_BODY = YES;
				CLANG_WARN_ENUM_CONVERSION = YES;
				CLANG_WARN_INFINITE_RECURSION = YES;
				CLANG_WARN_INT_CONVERSION = YES;
				CLANG_WARN_NON_LITERAL_NULL_CONVERSION = YES;
				CLANG_WARN_OBJC_IMPLICIT_RETAIN_SELF = YES;
				CLANG_WARN_OBJC_LITERAL_CONVERSION = YES;
				CLANG_WARN_OBJC_ROOT_CLASS = YES_ERROR;
				CLANG_WARN_QUOTED_INCLUDE_IN_FRAMEWORK_HEADER = YES;
				CLANG_WARN_RANGE_LOOP_ANALYSIS = YES;
				CLANG_WARN_STRICT_PROTOTYPES = YES;
				CLANG_WARN_SUSPICIOUS_MOVE = YES;
				CLANG_WARN_UNGUARDED_AVAILABILITY = YES_AGGRESSIVE;
				CLANG_WARN_UNREACHABLE_CODE = YES;
				CLANG_WARN__DUPLICATE_METHOD_MATCH = YES;
				COPY_PHASE_STRIP = NO;
				DEBUG_INFORMATION_FORMAT = dwarf;
				ENABLE_STRICT_OBJC_MSGSEND = YES;
				ENABLE_TESTABILITY = YES;
				ENABLE_USER_SCRIPT_SANDBOXING = YES;
				GCC_C_LANGUAGE_STANDARD = gnu17;
				GCC_DYNAMIC_NO_PIC = NO;
				GCC_NO_COMMON_BLOCKS = YES;
				GCC_OPTIMIZATION_LEVEL = 0;
				GCC_PREPROCESSOR_DEFINITIONS = (
					"DEBUG=1",
					"$(inherited)",
				);
				GCC_WARN_64_TO_32_BIT_CONVERSION = YES;
				GCC_WARN_ABOUT_RETURN_TYPE = YES_ERROR;
				GCC_WARN_UNDECLARED_SELECTOR = YES;
				GCC_WARN_UNINITIALIZED_AUTOS = YES_AGGRESSIVE;
				GCC_WARN_UNUSED_FUNCTION = YES;
				GCC_WARN_UNUSED_VARIABLE = YES;
				IPHONEOS_DEPLOYMENT_TARGET = 17.5;
				LOCALIZATION_PREFERS_STRING_CATALOGS = YES;
				MTL_ENABLE_DEBUG_INFO = INCLUDE_SOURCE;
				MTL_FAST_MATH = YES;
				ONLY_ACTIVE_ARCH = YES;
				SDKROOT = iphoneos;
				SWIFT_ACTIVE_COMPILATION_CONDITIONS = "DEBUG $(inherited)";
				SWIFT_OPTIMIZATION_LEVEL = "-Onone";
			};
			name = Debug;
		};
		CA6E14A42C13DCDC0077B3ED /* Release */ = {
			isa = XCBuildConfiguration;
			buildSettings = {
				ALWAYS_SEARCH_USER_PATHS = NO;
				ASSETCATALOG_COMPILER_GENERATE_SWIFT_ASSET_SYMBOL_EXTENSIONS = YES;
				CLANG_ANALYZER_NONNULL = YES;
				CLANG_ANALYZER_NUMBER_OBJECT_CONVERSION = YES_AGGRESSIVE;
				CLANG_CXX_LANGUAGE_STANDARD = "gnu++20";
				CLANG_ENABLE_MODULES = YES;
				CLANG_ENABLE_OBJC_ARC = YES;
				CLANG_ENABLE_OBJC_WEAK = YES;
				CLANG_WARN_BLOCK_CAPTURE_AUTORELEASING = YES;
				CLANG_WARN_BOOL_CONVERSION = YES;
				CLANG_WARN_COMMA = YES;
				CLANG_WARN_CONSTANT_CONVERSION = YES;
				CLANG_WARN_DEPRECATED_OBJC_IMPLEMENTATIONS = YES;
				CLANG_WARN_DIRECT_OBJC_ISA_USAGE = YES_ERROR;
				CLANG_WARN_DOCUMENTATION_COMMENTS = YES;
				CLANG_WARN_EMPTY_BODY = YES;
				CLANG_WARN_ENUM_CONVERSION = YES;
				CLANG_WARN_INFINITE_RECURSION = YES;
				CLANG_WARN_INT_CONVERSION = YES;
				CLANG_WARN_NON_LITERAL_NULL_CONVERSION = YES;
				CLANG_WARN_OBJC_IMPLICIT_RETAIN_SELF = YES;
				CLANG_WARN_OBJC_LITERAL_CONVERSION = YES;
				CLANG_WARN_OBJC_ROOT_CLASS = YES_ERROR;
				CLANG_WARN_QUOTED_INCLUDE_IN_FRAMEWORK_HEADER = YES;
				CLANG_WARN_RANGE_LOOP_ANALYSIS = YES;
				CLANG_WARN_STRICT_PROTOTYPES = YES;
				CLANG_WARN_SUSPICIOUS_MOVE = YES;
				CLANG_WARN_UNGUARDED_AVAILABILITY = YES_AGGRESSIVE;
				CLANG_WARN_UNREACHABLE_CODE = YES;
				CLANG_WARN__DUPLICATE_METHOD_MATCH = YES;
				COPY_PHASE_STRIP = NO;
				DEBUG_INFORMATION_FORMAT = "dwarf-with-dsym";
				ENABLE_NS_ASSERTIONS = NO;
				ENABLE_STRICT_OBJC_MSGSEND = YES;
				ENABLE_USER_SCRIPT_SANDBOXING = YES;
				GCC_C_LANGUAGE_STANDARD = gnu17;
				GCC_NO_COMMON_BLOCKS = YES;
				GCC_WARN_64_TO_32_BIT_CONVERSION = YES;
				GCC_WARN_ABOUT_RETURN_TYPE = YES_ERROR;
				GCC_WARN_UNDECLARED_SELECTOR = YES;
				GCC_WARN_UNINITIALIZED_AUTOS = YES_AGGRESSIVE;
				GCC_WARN_UNUSED_FUNCTION = YES;
				GCC_WARN_UNUSED_VARIABLE = YES;
				IPHONEOS_DEPLOYMENT_TARGET = 17.5;
				LOCALIZATION_PREFERS_STRING_CATALOGS = YES;
				MTL_ENABLE_DEBUG_INFO = NO;
				MTL_FAST_MATH = YES;
				SDKROOT = iphoneos;
				SWIFT_COMPILATION_MODE = wholemodule;
				VALIDATE_PRODUCT = YES;
			};
			name = Release;
		};
		CA6E14A62C13DCDC0077B3ED /* Debug */ = {
			isa = XCBuildConfiguration;
			buildSettings = {
				ASSETCATALOG_COMPILER_APPICON_NAME = AppIcon;
				ASSETCATALOG_COMPILER_GLOBAL_ACCENT_COLOR_NAME = AccentColor;
				CODE_SIGN_STYLE = Automatic;
				CURRENT_PROJECT_VERSION = 1;
				DEVELOPMENT_ASSET_PATHS = "\"Scrumdinger/Preview Content\"";
				DEVELOPMENT_TEAM = 93SMW9VKD8;
				ENABLE_PREVIEWS = YES;
				GENERATE_INFOPLIST_FILE = YES;
				INFOPLIST_KEY_UIApplicationSceneManifest_Generation = YES;
				INFOPLIST_KEY_UIApplicationSupportsIndirectInputEvents = YES;
				INFOPLIST_KEY_UILaunchScreen_Generation = YES;
				INFOPLIST_KEY_UISupportedInterfaceOrientations_iPad = "UIInterfaceOrientationPortrait UIInterfaceOrientationPortraitUpsideDown UIInterfaceOrientationLandscapeLeft UIInterfaceOrientationLandscapeRight";
				INFOPLIST_KEY_UISupportedInterfaceOrientations_iPhone = "UIInterfaceOrientationPortrait UIInterfaceOrientationLandscapeLeft UIInterfaceOrientationLandscapeRight";
				IPHONEOS_DEPLOYMENT_TARGET = 16.0;
				LD_RUNPATH_SEARCH_PATHS = (
					"$(inherited)",
					"@executable_path/Frameworks",
				);
				MARKETING_VERSION = 1.0;
				PRODUCT_BUNDLE_IDENTIFIER = com.wakwak.Scrumdinger;
				PRODUCT_NAME = "$(TARGET_NAME)";
				SWIFT_EMIT_LOC_STRINGS = YES;
				SWIFT_VERSION = 5.0;
				TARGETED_DEVICE_FAMILY = "1,2";
			};
			name = Debug;
		};
		CA6E14A72C13DCDC0077B3ED /* Release */ = {
			isa = XCBuildConfiguration;
			buildSettings = {
				ASSETCATALOG_COMPILER_APPICON_NAME = AppIcon;
				ASSETCATALOG_COMPILER_GLOBAL_ACCENT_COLOR_NAME = AccentColor;
				CODE_SIGN_STYLE = Automatic;
				CURRENT_PROJECT_VERSION = 1;
				DEVELOPMENT_ASSET_PATHS = "\"Scrumdinger/Preview Content\"";
				DEVELOPMENT_TEAM = 93SMW9VKD8;
				ENABLE_PREVIEWS = YES;
				GENERATE_INFOPLIST_FILE = YES;
				INFOPLIST_KEY_UIApplicationSceneManifest_Generation = YES;
				INFOPLIST_KEY_UIApplicationSupportsIndirectInputEvents = YES;
				INFOPLIST_KEY_UILaunchScreen_Generation = YES;
				INFOPLIST_KEY_UISupportedInterfaceOrientations_iPad = "UIInterfaceOrientationPortrait UIInterfaceOrientationPortraitUpsideDown UIInterfaceOrientationLandscapeLeft UIInterfaceOrientationLandscapeRight";
				INFOPLIST_KEY_UISupportedInterfaceOrientations_iPhone = "UIInterfaceOrientationPortrait UIInterfaceOrientationLandscapeLeft UIInterfaceOrientationLandscapeRight";
				IPHONEOS_DEPLOYMENT_TARGET = 16.0;
				LD_RUNPATH_SEARCH_PATHS = (
					"$(inherited)",
					"@executable_path/Frameworks",
				);
				MARKETING_VERSION = 1.0;
				PRODUCT_BUNDLE_IDENTIFIER = com.wakwak.Scrumdinger;
				PRODUCT_NAME = "$(TARGET_NAME)";
				SWIFT_EMIT_LOC_STRINGS = YES;
				SWIFT_VERSION = 5.0;
				TARGETED_DEVICE_FAMILY = "1,2";
			};
			name = Release;
		};
		CA6E14A92C13DCDC0077B3ED /* Debug */ = {
			isa = XCBuildConfiguration;
			buildSettings = {
				ALWAYS_EMBED_SWIFT_STANDARD_LIBRARIES = YES;
				BUNDLE_LOADER = "$(TEST_HOST)";
				CODE_SIGN_STYLE = Automatic;
				CURRENT_PROJECT_VERSION = 1;
				DEVELOPMENT_TEAM = 93SMW9VKD8;
				GENERATE_INFOPLIST_FILE = YES;
				IPHONEOS_DEPLOYMENT_TARGET = 17.5;
				MARKETING_VERSION = 1.0;
				PRODUCT_BUNDLE_IDENTIFIER = com.wakwak.ScrumdingerTests;
				PRODUCT_NAME = "$(TARGET_NAME)";
				SWIFT_EMIT_LOC_STRINGS = NO;
				SWIFT_VERSION = 5.0;
				TARGETED_DEVICE_FAMILY = "1,2";
				TEST_HOST = "$(BUILT_PRODUCTS_DIR)/Scrumdinger.app/$(BUNDLE_EXECUTABLE_FOLDER_PATH)/Scrumdinger";
			};
			name = Debug;
		};
		CA6E14AA2C13DCDC0077B3ED /* Release */ = {
			isa = XCBuildConfiguration;
			buildSettings = {
				ALWAYS_EMBED_SWIFT_STANDARD_LIBRARIES = YES;
				BUNDLE_LOADER = "$(TEST_HOST)";
				CODE_SIGN_STYLE = Automatic;
				CURRENT_PROJECT_VERSION = 1;
				DEVELOPMENT_TEAM = 93SMW9VKD8;
				GENERATE_INFOPLIST_FILE = YES;
				IPHONEOS_DEPLOYMENT_TARGET = 17.5;
				MARKETING_VERSION = 1.0;
				PRODUCT_BUNDLE_IDENTIFIER = com.wakwak.ScrumdingerTests;
				PRODUCT_NAME = "$(TARGET_NAME)";
				SWIFT_EMIT_LOC_STRINGS = NO;
				SWIFT_VERSION = 5.0;
				TARGETED_DEVICE_FAMILY = "1,2";
				TEST_HOST = "$(BUILT_PRODUCTS_DIR)/Scrumdinger.app/$(BUNDLE_EXECUTABLE_FOLDER_PATH)/Scrumdinger";
			};
			name = Release;
		};
		CA6E14AC2C13DCDC0077B3ED /* Debug */ = {
			isa = XCBuildConfiguration;
			buildSettings = {
				ALWAYS_EMBED_SWIFT_STANDARD_LIBRARIES = YES;
				CODE_SIGN_STYLE = Automatic;
				CURRENT_PROJECT_VERSION = 1;
				DEVELOPMENT_TEAM = 93SMW9VKD8;
				GENERATE_INFOPLIST_FILE = YES;
				MARKETING_VERSION = 1.0;
				PRODUCT_BUNDLE_IDENTIFIER = com.wakwak.ScrumdingerUITests;
				PRODUCT_NAME = "$(TARGET_NAME)";
				SWIFT_EMIT_LOC_STRINGS = NO;
				SWIFT_VERSION = 5.0;
				TARGETED_DEVICE_FAMILY = "1,2";
				TEST_TARGET_NAME = Scrumdinger;
			};
			name = Debug;
		};
		CA6E14AD2C13DCDC0077B3ED /* Release */ = {
			isa = XCBuildConfiguration;
			buildSettings = {
				ALWAYS_EMBED_SWIFT_STANDARD_LIBRARIES = YES;
				CODE_SIGN_STYLE = Automatic;
				CURRENT_PROJECT_VERSION = 1;
				DEVELOPMENT_TEAM = 93SMW9VKD8;
				GENERATE_INFOPLIST_FILE = YES;
				MARKETING_VERSION = 1.0;
				PRODUCT_BUNDLE_IDENTIFIER = com.wakwak.ScrumdingerUITests;
				PRODUCT_NAME = "$(TARGET_NAME)";
				SWIFT_EMIT_LOC_STRINGS = NO;
				SWIFT_VERSION = 5.0;
				TARGETED_DEVICE_FAMILY = "1,2";
				TEST_TARGET_NAME = Scrumdinger;
			};
			name = Release;
		};
/* End XCBuildConfiguration section */

/* Begin XCConfigurationList section */
		CA6E147C2C13DCDB0077B3ED /* Build configuration list for PBXProject "Scrumdinger" */ = {
			isa = XCConfigurationList;
			buildConfigurations = (
				CA6E14A32C13DCDC0077B3ED /* Debug */,
				CA6E14A42C13DCDC0077B3ED /* Release */,
			);
			defaultConfigurationIsVisible = 0;
			defaultConfigurationName = Release;
		};
		CA6E14A52C13DCDC0077B3ED /* Build configuration list for PBXNativeTarget "Scrumdinger" */ = {
			isa = XCConfigurationList;
			buildConfigurations = (
				CA6E14A62C13DCDC0077B3ED /* Debug */,
				CA6E14A72C13DCDC0077B3ED /* Release */,
			);
			defaultConfigurationIsVisible = 0;
			defaultConfigurationName = Release;
		};
		CA6E14A82C13DCDC0077B3ED /* Build configuration list for PBXNativeTarget "ScrumdingerTests" */ = {
			isa = XCConfigurationList;
			buildConfigurations = (
				CA6E14A92C13DCDC0077B3ED /* Debug */,
				CA6E14AA2C13DCDC0077B3ED /* Release */,
			);
			defaultConfigurationIsVisible = 0;
			defaultConfigurationName = Release;
		};
		CA6E14AB2C13DCDC0077B3ED /* Build configuration list for PBXNativeTarget "ScrumdingerUITests" */ = {
			isa = XCConfigurationList;
			buildConfigurations = (
				CA6E14AC2C13DCDC0077B3ED /* Debug */,
				CA6E14AD2C13DCDC0077B3ED /* Release */,
			);
			defaultConfigurationIsVisible = 0;
			defaultConfigurationName = Release;
		};
/* End XCConfigurationList section */
	};
	rootObject = CA6E14792C13DCDB0077B3ED /* Project object */;
}
